
Microsoft Visual Studio Solution File, Format Version 12.00
# Visual Studio Version 17
VisualStudioVersion = 17.5.002.0
MinimumVisualStudioVersion = 10.0.40219.1
Project("{9A19103F-16F7-4668-BE54-9A1E7A4F7556}") = "FastestRegion", "FastestRegion.csproj", "{FC8E52E4-CC22-4699-89D6-88718E27267F}"
EndProject
Global
	GlobalSection(SolutionConfigurationPlatforms) = preSolution
		Debug|Any CPU = Debug|Any CPU
		Release|Any CPU = Release|Any CPU
	EndGlobalSection
	GlobalSection(ProjectConfigurationPlatforms) = postSolution
		{FC8E52E4-CC22-4699-89D6-88718E27267F}.Debug|Any CPU.ActiveCfg = Debug|Any CPU
		{FC8E52E4-CC22-4699-89D6-88718E27267F}.Debug|Any CPU.Build.0 = Debug|Any CPU
		{FC8E52E4-CC22-4699-89D6-88718E27267F}.Release|Any CPU.ActiveCfg = Release|Any CPU
		{FC8E52E4-CC22-4699-89D6-88718E27267F}.Release|Any CPU.Build.0 = Release|Any CPU
	EndGlobalSection
	GlobalSection(SolutionProperties) = preSolution
		HideSolutionNode = FALSE
	EndGlobalSection
	GlobalSection(ExtensibilityGlobals) = postSolution
		SolutionGuid = {552ADCBA-F9E2-4047-88FE-2CB154FE4BF8}
	EndGlobalSection
EndGlobal
