
Microsoft Visual Studio Solution File, Format Version 12.00
# Visual Studio Version 17
VisualStudioVersion = 17.5.002.0
MinimumVisualStudioVersion = 10.0.40219.1
Project("{9A19103F-16F7-4668-BE54-9A1E7A4F7556}") = "verify-bucket-name", "verify-bucket-name.csproj", "{48288355-AD9C-479B-8506-0D165146F4CA}"
EndProject
Global
	GlobalSection(SolutionConfigurationPlatforms) = preSolution
		Debug|Any CPU = Debug|Any CPU
		Release|Any CPU = Release|Any CPU
	EndGlobalSection
	GlobalSection(ProjectConfigurationPlatforms) = postSolution
		{48288355-AD9C-479B-8506-0D165146F4CA}.Debug|Any CPU.ActiveCfg = Debug|Any CPU
		{48288355-AD9C-479B-8506-0D165146F4CA}.Debug|Any CPU.Build.0 = Debug|Any CPU
		{48288355-AD9C-479B-8506-0D165146F4CA}.Release|Any CPU.ActiveCfg = Release|Any CPU
		{48288355-AD9C-479B-8506-0D165146F4CA}.Release|Any CPU.Build.0 = Release|Any CPU
	EndGlobalSection
	GlobalSection(SolutionProperties) = preSolution
		HideSolutionNode = FALSE
	EndGlobalSection
	GlobalSection(ExtensibilityGlobals) = postSolution
		SolutionGuid = {8E0ECB73-F7CE-4DA9-B236-2EC520C17C80}
	EndGlobalSection
EndGlobal
